
Microsoft Visual Studio Solution File, Format Version 12.00
# Visual Studio Version 17
VisualStudioVersion = 17.3.32804.467
MinimumVisualStudioVersion = 10.0.40219.1
Project("{FAE04EC0-301F-11D3-BF4B-00C04F79EFBC}") = "Hypertheory.KafkaUtils", "Hypertheory.KafkaUtils.csproj", "{687889D9-CF30-4D9F-8E19-6DE275E29C33}"
EndProject
Global
	GlobalSection(SolutionConfigurationPlatforms) = preSolution
		Debug|Any CPU = Debug|Any CPU
		Release|Any CPU = Release|Any CPU
	EndGlobalSection
	GlobalSection(ProjectConfigurationPlatforms) = postSolution
		{687889D9-CF30-4D9F-8E19-6DE275E29C33}.Debug|Any CPU.ActiveCfg = Debug|Any CPU
		{687889D9-CF30-4D9F-8E19-6DE275E29C33}.Debug|Any CPU.Build.0 = Debug|Any CPU
		{687889D9-CF30-4D9F-8E19-6DE275E29C33}.Release|Any CPU.ActiveCfg = Release|Any CPU
		{687889D9-CF30-4D9F-8E19-6DE275E29C33}.Release|Any CPU.Build.0 = Release|Any CPU
	EndGlobalSection
	GlobalSection(SolutionProperties) = preSolution
		HideSolutionNode = FALSE
	EndGlobalSection
	GlobalSection(ExtensibilityGlobals) = postSolution
		SolutionGuid = {9D280747-8DBE-4AB4-BAB9-5E54D2DF30DE}
	EndGlobalSection
EndGlobal
